{
  "version": 4,
  "terraform_version": "1.9.0",
  "serial": 14,
  "lineage": "853d3ef4-fc64-5978-3ed5-e79311389070",
  "outputs": {
    "ip_address": {
      "value": "159.223.153.31",
      "type": "string"
    }
  },
  "resources": [
    {
      "mode": "managed",
      "type": "digitalocean_droplet",
      "name": "terramino",
      "provider": "provider[\"registry.terraform.io/digitalocean/digitalocean\"]",
      "instances": [
        {
          "schema_version": 1,
          "attributes": {
            "backups": false,
            "created_at": "2024-07-02T19:44:08Z",
            "disk": 25,
            "droplet_agent": null,
            "graceful_shutdown": false,
            "id": "429754247",
            "image": "ubuntu-24-04-x64",
            "ipv4_address": "159.223.153.31",
            "ipv4_address_private": "10.116.0.2",
            "ipv6": false,
            "ipv6_address": "",
            "locked": false,
            "memory": 1024,
            "monitoring": true,
            "name": "testing",
            "price_hourly": 0.00893,
            "price_monthly": 6,
            "private_networking": true,
            "region": "nyc1",
            "resize_disk": true,
            "size": "s-1vcpu-1gb",
            "ssh_keys": [
              "42640809"
            ],
            "status": "active",
            "tags": null,
            "timeouts": null,
            "urn": "do:droplet:429754247",
            "user_data": null,
            "vcpus": 1,
            "volume_ids": [],
            "vpc_uuid": "1f4c388e-a776-40a1-b130-960ff4d728e6"
          },
          "sensitive_attributes": [],
          "private": "eyJlMmJmYjczMC1lY2FhLTExZTYtOGY4OC0zNDM2M2JjN2M0YzAiOnsiY3JlYXRlIjozNjAwMDAwMDAwMDAwLCJkZWxldGUiOjYwMDAwMDAwMDAwLCJ1cGRhdGUiOjM2MDAwMDAwMDAwMDB9LCJzY2hlbWFfdmVyc2lvbiI6IjEifQ==",
          "dependencies": [
            "digitalocean_ssh_key.terramino"
          ]
        }
      ]
    },
    {
      "mode": "managed",
      "type": "digitalocean_ssh_key",
      "name": "terramino",
      "provider": "provider[\"registry.terraform.io/digitalocean/digitalocean\"]",
      "instances": [
        {
          "schema_version": 0,
          "attributes": {
            "fingerprint": "22:64:8c:b3:42:89:21:87:3b:18:08:e8:6c:01:41:28",
            "id": "42640809",
            "name": "Terramino SSH Key",
            "public_key": "ssh-rsa AAAAB3NzaC1yc2EAAAADAQABAAABgQDLr+KVKWUjtbMoBsEFttIY/bZ2S0Xw/VC3aAQgGyhThSJGjKPY9kjGvU42mr9ieGzgRKcjVL6dJ4e91gx8x+ez+Wo9mcEnuj1IO6eU86687Q29oIMU39ybCMSpAjR/yWXW2WRvno64M/bltrfdmx59S2ufqfn6/FZpw1OKospwqpvxvNeyqzgGsSB235lSTXBp/lyEbFvAC9iIrqIJC3h9y4Lq0Vvyu2UFHMau/ocH5v3xzfPQ3s0xGnlom7+Fal8UYHFYMwIoSMt94fKyjzsg1FbK4ZHJnc4k+J+JVzGKhlnZ0UNcm5QIoqULDMcnXIvzqDnuSj+4TShtzP0f0y8l8d3kPZhAPequf0uE2Zg0Qt5YnWz0gJRVqGBJ7uoi2loQELEIADzKs+rGH/df6pJsGcIHZJNh1lQWc03xTrXRyNBwZ80ox36KIdTTPHV+opubkVLQEJSTvlO59KFCBjthGKysvgqkx6wUlZ0NUSyLdHWpysmqd2ORYb6hEFhiPvc= n0r@n0r\n"
          },
          "sensitive_attributes": [],
          "private": "bnVsbA=="
        }
      ]
    }
  ],
  "check_results": null
}
